// !$*UTF8*$!
{
	archiveVersion = 1;
	classes = {
	};
	objectVersion = 56;
	objects = {

/* Begin PBXBuildFile section */
		97894F912BF26E8800E33FD8 /* Main.swift in Sources */ = {isa = PBXBuildFile; fileRef = 97894F902BF26E8800E33FD8 /* Main.swift */; };
		97894F932BF26E8800E33FD8 /* App.swift in Sources */ = {isa = PBXBuildFile; fileRef = 97894F922BF26E8800E33FD8 /* App.swift */; };
		97894F952BF26E8800E33FD8 /* Assets.xcassets in Resources */ = {isa = PBXBuildFile; fileRef = 97894F942BF26E8800E33FD8 /* Assets.xcassets */; };
		97894F982BF26E8800E33FD8 /* Preview Assets.xcassets in Resources */ = {isa = PBXBuildFile; fileRef = 97894F972BF26E8800E33FD8 /* Preview Assets.xcassets */; };
		97894FA02BF26EB300E33FD8 /* ComposableArchitecture in Frameworks */ = {isa = PBXBuildFile; productRef = 97894F9F2BF26EB300E33FD8 /* ComposableArchitecture */; };
		97894FA32BF26ECF00E33FD8 /* AsyncAlgorithms in Frameworks */ = {isa = PBXBuildFile; productRef = 97894FA22BF26ECF00E33FD8 /* AsyncAlgorithms */; };
		97894FA62BF26EED00E33FD8 /* Tagged in Frameworks */ = {isa = PBXBuildFile; productRef = 97894FA52BF26EED00E33FD8 /* Tagged */; };
		97894FA92BF26F1900E33FD8 /* OpenAI in Frameworks */ = {isa = PBXBuildFile; productRef = 97894FA82BF26F1900E33FD8 /* OpenAI */; };
		97894FB02BF26F7F00E33FD8 /* recipe_00_step_01.jpeg in Resources */ = {isa = PBXBuildFile; fileRef = 97894FAB2BF26F7F00E33FD8 /* recipe_00_step_01.jpeg */; };
		97894FB12BF26F7F00E33FD8 /* recipe_00_root_02.jpeg in Resources */ = {isa = PBXBuildFile; fileRef = 97894FAC2BF26F7F00E33FD8 /* recipe_00_root_02.jpeg */; };
		97894FB22BF26F7F00E33FD8 /* recipe_00_root_01.jpeg in Resources */ = {isa = PBXBuildFile; fileRef = 97894FAD2BF26F7F00E33FD8 /* recipe_00_root_01.jpeg */; };
		97894FB32BF26F7F00E33FD8 /* recipe_00_step_03.jpeg in Resources */ = {isa = PBXBuildFile; fileRef = 97894FAE2BF26F7F00E33FD8 /* recipe_00_step_03.jpeg */; };
		97894FB42BF26F7F00E33FD8 /* recipe_00_step_02.jpeg in Resources */ = {isa = PBXBuildFile; fileRef = 97894FAF2BF26F7F00E33FD8 /* recipe_00_step_02.jpeg */; };
		97894FB62BF26F8800E33FD8 /* Model+Recipe.swift in Sources */ = {isa = PBXBuildFile; fileRef = 97894FB52BF26F8800E33FD8 /* Model+Recipe.swift */; };
		97894FB82BF26F8D00E33FD8 /* Model+Photo.swift in Sources */ = {isa = PBXBuildFile; fileRef = 97894FB72BF26F8D00E33FD8 /* Model+Photo.swift */; };
		97894FBA2BF26F9500E33FD8 /* Secrets.swift in Sources */ = {isa = PBXBuildFile; fileRef = 97894FB92BF26F9500E33FD8 /* Secrets.swift */; };
		97894FBC2BF26FA500E33FD8 /* OpenAIClient.swift in Sources */ = {isa = PBXBuildFile; fileRef = 97894FBB2BF26FA500E33FD8 /* OpenAIClient.swift */; };
		97894FC42BF2945400E33FD8 /* Database.swift in Sources */ = {isa = PBXBuildFile; fileRef = 97894FC32BF2945400E33FD8 /* Database.swift */; };
		97894FC62BF2970B00E33FD8 /* Recipe.swift in Sources */ = {isa = PBXBuildFile; fileRef = 97894FC52BF2970B00E33FD8 /* Recipe.swift */; };
		97894FC82BF29B7300E33FD8 /* GenerateRecipePrompt.swift in Sources */ = {isa = PBXBuildFile; fileRef = 97894FC72BF29B7300E33FD8 /* GenerateRecipePrompt.swift */; };
/* End PBXBuildFile section */

/* Begin PBXFileReference section */
		97894F8D2BF26E8800E33FD8 /* Cookery.app */ = {isa = PBXFileReference; explicitFileType = wrapper.application; includeInIndex = 0; path = Cookery.app; sourceTree = BUILT_PRODUCTS_DIR; };
		97894F902BF26E8800E33FD8 /* Main.swift */ = {isa = PBXFileReference; lastKnownFileType = sourcecode.swift; path = Main.swift; sourceTree = "<group>"; };
		97894F922BF26E8800E33FD8 /* App.swift */ = {isa = PBXFileReference; lastKnownFileType = sourcecode.swift; path = App.swift; sourceTree = "<group>"; };
		97894F942BF26E8800E33FD8 /* Assets.xcassets */ = {isa = PBXFileReference; lastKnownFileType = folder.assetcatalog; path = Assets.xcassets; sourceTree = "<group>"; };
		97894F972BF26E8800E33FD8 /* Preview Assets.xcassets */ = {isa = PBXFileReference; lastKnownFileType = folder.assetcatalog; path = "Preview Assets.xcassets"; sourceTree = "<group>"; };
		97894FAB2BF26F7F00E33FD8 /* recipe_00_step_01.jpeg */ = {isa = PBXFileReference; lastKnownFileType = image.jpeg; path = recipe_00_step_01.jpeg; sourceTree = "<group>"; };
		97894FAC2BF26F7F00E33FD8 /* recipe_00_root_02.jpeg */ = {isa = PBXFileReference; lastKnownFileType = image.jpeg; path = recipe_00_root_02.jpeg; sourceTree = "<group>"; };
		97894FAD2BF26F7F00E33FD8 /* recipe_00_root_01.jpeg */ = {isa = PBXFileReference; lastKnownFileType = image.jpeg; path = recipe_00_root_01.jpeg; sourceTree = "<group>"; };
		97894FAE2BF26F7F00E33FD8 /* recipe_00_step_03.jpeg */ = {isa = PBXFileReference; lastKnownFileType = image.jpeg; path = recipe_00_step_03.jpeg; sourceTree = "<group>"; };
		97894FAF2BF26F7F00E33FD8 /* recipe_00_step_02.jpeg */ = {isa = PBXFileReference; lastKnownFileType = image.jpeg; path = recipe_00_step_02.jpeg; sourceTree = "<group>"; };
		97894FB52BF26F8800E33FD8 /* Model+Recipe.swift */ = {isa = PBXFileReference; fileEncoding = 4; lastKnownFileType = sourcecode.swift; path = "Model+Recipe.swift"; sourceTree = "<group>"; };
		97894FB72BF26F8D00E33FD8 /* Model+Photo.swift */ = {isa = PBXFileReference; fileEncoding = 4; lastKnownFileType = sourcecode.swift; path = "Model+Photo.swift"; sourceTree = "<group>"; };
		97894FB92BF26F9500E33FD8 /* Secrets.swift */ = {isa = PBXFileReference; fileEncoding = 4; lastKnownFileType = sourcecode.swift; path = Secrets.swift; sourceTree = "<group>"; };
		97894FBB2BF26FA500E33FD8 /* OpenAIClient.swift */ = {isa = PBXFileReference; lastKnownFileType = sourcecode.swift; path = OpenAIClient.swift; sourceTree = "<group>"; };
		97894FC32BF2945400E33FD8 /* Database.swift */ = {isa = PBXFileReference; lastKnownFileType = sourcecode.swift; path = Database.swift; sourceTree = "<group>"; };
		97894FC52BF2970B00E33FD8 /* Recipe.swift */ = {isa = PBXFileReference; lastKnownFileType = sourcecode.swift; path = Recipe.swift; sourceTree = "<group>"; };
		97894FC72BF29B7300E33FD8 /* GenerateRecipePrompt.swift */ = {isa = PBXFileReference; lastKnownFileType = sourcecode.swift; path = GenerateRecipePrompt.swift; sourceTree = "<group>"; };
/* End PBXFileReference section */

/* Begin PBXFrameworksBuildPhase section */
		97894F8A2BF26E8800E33FD8 /* Frameworks */ = {
			isa = PBXFrameworksBuildPhase;
			buildActionMask = 2147483647;
			files = (
				97894FA62BF26EED00E33FD8 /* Tagged in Frameworks */,
				97894FA02BF26EB300E33FD8 /* ComposableArchitecture in Frameworks */,
				97894FA92BF26F1900E33FD8 /* OpenAI in Frameworks */,
				97894FA32BF26ECF00E33FD8 /* AsyncAlgorithms in Frameworks */,
			);
			runOnlyForDeploymentPostprocessing = 0;
		};
/* End PBXFrameworksBuildPhase section */

/* Begin PBXGroup section */
		97894F842BF26E8800E33FD8 = {
			isa = PBXGroup;
			children = (
				97894F8F2BF26E8800E33FD8 /* Cookery */,
				97894F8E2BF26E8800E33FD8 /* Products */,
			);
			sourceTree = "<group>";
		};
		97894F8E2BF26E8800E33FD8 /* Products */ = {
			isa = PBXGroup;
			children = (
				97894F8D2BF26E8800E33FD8 /* Cookery.app */,
			);
			name = Products;
			sourceTree = "<group>";
		};
		97894F8F2BF26E8800E33FD8 /* Cookery */ = {
			isa = PBXGroup;
			children = (
				97894F902BF26E8800E33FD8 /* Main.swift */,
				97894F922BF26E8800E33FD8 /* App.swift */,
				97894FC72BF29B7300E33FD8 /* GenerateRecipePrompt.swift */,
				97894FC52BF2970B00E33FD8 /* Recipe.swift */,
				97894FBD2BF26FAD00E33FD8 /* Dependencies */,
				97894F942BF26E8800E33FD8 /* Assets.xcassets */,
				97894FAA2BF26F7F00E33FD8 /* Images */,
				97894F962BF26E8800E33FD8 /* Preview Content */,
			);
			path = Cookery;
			sourceTree = "<group>";
		};
		97894F962BF26E8800E33FD8 /* Preview Content */ = {
			isa = PBXGroup;
			children = (
				97894F972BF26E8800E33FD8 /* Preview Assets.xcassets */,
			);
			path = "Preview Content";
			sourceTree = "<group>";
		};
		97894FAA2BF26F7F00E33FD8 /* Images */ = {
			isa = PBXGroup;
			children = (
				97894FAB2BF26F7F00E33FD8 /* recipe_00_step_01.jpeg */,
				97894FAC2BF26F7F00E33FD8 /* recipe_00_root_02.jpeg */,
				97894FAD2BF26F7F00E33FD8 /* recipe_00_root_01.jpeg */,
				97894FAE2BF26F7F00E33FD8 /* recipe_00_step_03.jpeg */,
				97894FAF2BF26F7F00E33FD8 /* recipe_00_step_02.jpeg */,
			);
			path = Images;
			sourceTree = "<group>";
		};
		97894FBD2BF26FAD00E33FD8 /* Dependencies */ = {
			isa = PBXGroup;
			children = (
				97894FBB2BF26FA500E33FD8 /* OpenAIClient.swift */,
				97894FB92BF26F9500E33FD8 /* Secrets.swift */,
				97894FC22BF2944000E33FD8 /* Database */,
			);
			path = Dependencies;
			sourceTree = "<group>";
		};
		97894FC22BF2944000E33FD8 /* Database */ = {
			isa = PBXGroup;
			children = (
				97894FC32BF2945400E33FD8 /* Database.swift */,
				97894FB52BF26F8800E33FD8 /* Model+Recipe.swift */,
				97894FB72BF26F8D00E33FD8 /* Model+Photo.swift */,
			);
			path = Database;
			sourceTree = "<group>";
		};
/* End PBXGroup section */

/* Begin PBXNativeTarget section */
		97894F8C2BF26E8800E33FD8 /* Cookery */ = {
			isa = PBXNativeTarget;
			buildConfigurationList = 97894F9B2BF26E8800E33FD8 /* Build configuration list for PBXNativeTarget "Cookery" */;
			buildPhases = (
				97894F892BF26E8800E33FD8 /* Sources */,
				97894F8A2BF26E8800E33FD8 /* Frameworks */,
				97894F8B2BF26E8800E33FD8 /* Resources */,
			);
			buildRules = (
			);
			dependencies = (
			);
			name = Cookery;
			packageProductDependencies = (
				97894F9F2BF26EB300E33FD8 /* ComposableArchitecture */,
				97894FA22BF26ECF00E33FD8 /* AsyncAlgorithms */,
				97894FA52BF26EED00E33FD8 /* Tagged */,
				97894FA82BF26F1900E33FD8 /* OpenAI */,
			);
			productName = Cookery;
			productReference = 97894F8D2BF26E8800E33FD8 /* Cookery.app */;
			productType = "com.apple.product-type.application";
		};
/* End PBXNativeTarget section */

/* Begin PBXProject section */
		97894F852BF26E8800E33FD8 /* Project object */ = {
			isa = PBXProject;
			attributes = {
				BuildIndependentTargetsInParallel = 1;
				LastSwiftUpdateCheck = 1510;
				LastUpgradeCheck = 1510;
				TargetAttributes = {
					97894F8C2BF26E8800E33FD8 = {
						CreatedOnToolsVersion = 15.1;
					};
				};
			};
			buildConfigurationList = 97894F882BF26E8800E33FD8 /* Build configuration list for PBXProject "Cookery" */;
			compatibilityVersion = "Xcode 14.0";
			developmentRegion = en;
			hasScannedForEncodings = 0;
			knownRegions = (
				en,
				Base,
			);
			mainGroup = 97894F842BF26E8800E33FD8;
			packageReferences = (
				97894F9E2BF26EB300E33FD8 /* XCRemoteSwiftPackageReference "swift-composable-architecture" */,
				97894FA12BF26ECF00E33FD8 /* XCRemoteSwiftPackageReference "swift-async-algorithms" */,
				97894FA42BF26EED00E33FD8 /* XCRemoteSwiftPackageReference "swift-tagged" */,
				97894FA72BF26F1900E33FD8 /* XCRemoteSwiftPackageReference "OpenAI" */,
			);
			productRefGroup = 97894F8E2BF26E8800E33FD8 /* Products */;
			projectDirPath = "";
			projectRoot = "";
			targets = (
				97894F8C2BF26E8800E33FD8 /* Cookery */,
			);
		};
/* End PBXProject section */

/* Begin PBXResourcesBuildPhase section */
		97894F8B2BF26E8800E33FD8 /* Resources */ = {
			isa = PBXResourcesBuildPhase;
			buildActionMask = 2147483647;
			files = (
				97894FB32BF26F7F00E33FD8 /* recipe_00_step_03.jpeg in Resources */,
				97894FB22BF26F7F00E33FD8 /* recipe_00_root_01.jpeg in Resources */,
				97894F982BF26E8800E33FD8 /* Preview Assets.xcassets in Resources */,
				97894FB42BF26F7F00E33FD8 /* recipe_00_step_02.jpeg in Resources */,
				97894FB12BF26F7F00E33FD8 /* recipe_00_root_02.jpeg in Resources */,
				97894FB02BF26F7F00E33FD8 /* recipe_00_step_01.jpeg in Resources */,
				97894F952BF26E8800E33FD8 /* Assets.xcassets in Resources */,
			);
			runOnlyForDeploymentPostprocessing = 0;
		};
/* End PBXResourcesBuildPhase section */

/* Begin PBXSourcesBuildPhase section */
		97894F892BF26E8800E33FD8 /* Sources */ = {
			isa = PBXSourcesBuildPhase;
			buildActionMask = 2147483647;
			files = (
				97894FC82BF29B7300E33FD8 /* GenerateRecipePrompt.swift in Sources */,
				97894FB82BF26F8D00E33FD8 /* Model+Photo.swift in Sources */,
				97894FBA2BF26F9500E33FD8 /* Secrets.swift in Sources */,
				97894FB62BF26F8800E33FD8 /* Model+Recipe.swift in Sources */,
				97894FBC2BF26FA500E33FD8 /* OpenAIClient.swift in Sources */,
				97894F932BF26E8800E33FD8 /* App.swift in Sources */,
				97894FC42BF2945400E33FD8 /* Database.swift in Sources */,
				97894F912BF26E8800E33FD8 /* Main.swift in Sources */,
				97894FC62BF2970B00E33FD8 /* Recipe.swift in Sources */,
			);
			runOnlyForDeploymentPostprocessing = 0;
		};
/* End PBXSourcesBuildPhase section */

/* Begin XCBuildConfiguration section */
		97894F992BF26E8800E33FD8 /* Debug */ = {
			isa = XCBuildConfiguration;
			buildSettings = {
				ALWAYS_SEARCH_USER_PATHS = NO;
				ASSETCATALOG_COMPILER_GENERATE_SWIFT_ASSET_SYMBOL_EXTENSIONS = YES;
				CLANG_ANALYZER_NONNULL = YES;
				CLANG_ANALYZER_NUMBER_OBJECT_CONVERSION = YES_AGGRESSIVE;
				CLANG_CXX_LANGUAGE_STANDARD = "gnu++20";
				CLANG_ENABLE_MODULES = YES;
				CLANG_ENABLE_OBJC_ARC = YES;
				CLANG_ENABLE_OBJC_WEAK = YES;
				CLANG_WARN_BLOCK_CAPTURE_AUTORELEASING = YES;
				CLANG_WARN_BOOL_CONVERSION = YES;
				CLANG_WARN_COMMA = YES;
				CLANG_WARN_CONSTANT_CONVERSION = YES;
				CLANG_WARN_DEPRECATED_OBJC_IMPLEMENTATIONS = YES;
				CLANG_WARN_DIRECT_OBJC_ISA_USAGE = YES_ERROR;
				CLANG_WARN_DOCUMENTATION_COMMENTS = YES;
				CLANG_WARN_EMPTY_BODY = YES;
				CLANG_WARN_ENUM_CONVERSION = YES;
				CLANG_WARN_INFINITE_RECURSION = YES;
				CLANG_WARN_INT_CONVERSION = YES;
				CLANG_WARN_NON_LITERAL_NULL_CONVERSION = YES;
				CLANG_WARN_OBJC_IMPLICIT_RETAIN_SELF = YES;
				CLANG_WARN_OBJC_LITERAL_CONVERSION = YES;
				CLANG_WARN_OBJC_ROOT_CLASS = YES_ERROR;
				CLANG_WARN_QUOTED_INCLUDE_IN_FRAMEWORK_HEADER = YES;
				CLANG_WARN_RANGE_LOOP_ANALYSIS = YES;
				CLANG_WARN_STRICT_PROTOTYPES = YES;
				CLANG_WARN_SUSPICIOUS_MOVE = YES;
				CLANG_WARN_UNGUARDED_AVAILABILITY = YES_AGGRESSIVE;
				CLANG_WARN_UNREACHABLE_CODE = YES;
				CLANG_WARN__DUPLICATE_METHOD_MATCH = YES;
				COPY_PHASE_STRIP = NO;
				DEBUG_INFORMATION_FORMAT = dwarf;
				ENABLE_STRICT_OBJC_MSGSEND = YES;
				ENABLE_TESTABILITY = YES;
				ENABLE_USER_SCRIPT_SANDBOXING = YES;
				GCC_C_LANGUAGE_STANDARD = gnu17;
				GCC_DYNAMIC_NO_PIC = NO;
				GCC_NO_COMMON_BLOCKS = YES;
				GCC_OPTIMIZATION_LEVEL = 0;
				GCC_PREPROCESSOR_DEFINITIONS = (
					"DEBUG=1",
					"$(inherited)",
				);
				GCC_WARN_64_TO_32_BIT_CONVERSION = YES;
				GCC_WARN_ABOUT_RETURN_TYPE = YES_ERROR;
				GCC_WARN_UNDECLARED_SELECTOR = YES;
				GCC_WARN_UNINITIALIZED_AUTOS = YES_AGGRESSIVE;
				GCC_WARN_UNUSED_FUNCTION = YES;
				GCC_WARN_UNUSED_VARIABLE = YES;
				IPHONEOS_DEPLOYMENT_TARGET = 17.2;
				LOCALIZATION_PREFERS_STRING_CATALOGS = YES;
				MTL_ENABLE_DEBUG_INFO = INCLUDE_SOURCE;
				MTL_FAST_MATH = YES;
				ONLY_ACTIVE_ARCH = YES;
				SDKROOT = iphoneos;
				SWIFT_ACTIVE_COMPILATION_CONDITIONS = "DEBUG $(inherited)";
				SWIFT_OPTIMIZATION_LEVEL = "-Onone";
			};
			name = Debug;
		};
		97894F9A2BF26E8800E33FD8 /* Release */ = {
			isa = XCBuildConfiguration;
			buildSettings = {
				ALWAYS_SEARCH_USER_PATHS = NO;
				ASSETCATALOG_COMPILER_GENERATE_SWIFT_ASSET_SYMBOL_EXTENSIONS = YES;
				CLANG_ANALYZER_NONNULL = YES;
				CLANG_ANALYZER_NUMBER_OBJECT_CONVERSION = YES_AGGRESSIVE;
				CLANG_CXX_LANGUAGE_STANDARD = "gnu++20";
				CLANG_ENABLE_MODULES = YES;
				CLANG_ENABLE_OBJC_ARC = YES;
				CLANG_ENABLE_OBJC_WEAK = YES;
				CLANG_WARN_BLOCK_CAPTURE_AUTORELEASING = YES;
				CLANG_WARN_BOOL_CONVERSION = YES;
				CLANG_WARN_COMMA = YES;
				CLANG_WARN_CONSTANT_CONVERSION = YES;
				CLANG_WARN_DEPRECATED_OBJC_IMPLEMENTATIONS = YES;
				CLANG_WARN_DIRECT_OBJC_ISA_USAGE = YES_ERROR;
				CLANG_WARN_DOCUMENTATION_COMMENTS = YES;
				CLANG_WARN_EMPTY_BODY = YES;
				CLANG_WARN_ENUM_CONVERSION = YES;
				CLANG_WARN_INFINITE_RECURSION = YES;
				CLANG_WARN_INT_CONVERSION = YES;
				CLANG_WARN_NON_LITERAL_NULL_CONVERSION = YES;
				CLANG_WARN_OBJC_IMPLICIT_RETAIN_SELF = YES;
				CLANG_WARN_OBJC_LITERAL_CONVERSION = YES;
				CLANG_WARN_OBJC_ROOT_CLASS = YES_ERROR;
				CLANG_WARN_QUOTED_INCLUDE_IN_FRAMEWORK_HEADER = YES;
				CLANG_WARN_RANGE_LOOP_ANALYSIS = YES;
				CLANG_WARN_STRICT_PROTOTYPES = YES;
				CLANG_WARN_SUSPICIOUS_MOVE = YES;
				CLANG_WARN_UNGUARDED_AVAILABILITY = YES_AGGRESSIVE;
				CLANG_WARN_UNREACHABLE_CODE = YES;
				CLANG_WARN__DUPLICATE_METHOD_MATCH = YES;
				COPY_PHASE_STRIP = NO;
				DEBUG_INFORMATION_FORMAT = "dwarf-with-dsym";
				ENABLE_NS_ASSERTIONS = NO;
				ENABLE_STRICT_OBJC_MSGSEND = YES;
				ENABLE_USER_SCRIPT_SANDBOXING = YES;
				GCC_C_LANGUAGE_STANDARD = gnu17;
				GCC_NO_COMMON_BLOCKS = YES;
				GCC_WARN_64_TO_32_BIT_CONVERSION = YES;
				GCC_WARN_ABOUT_RETURN_TYPE = YES_ERROR;
				GCC_WARN_UNDECLARED_SELECTOR = YES;
				GCC_WARN_UNINITIALIZED_AUTOS = YES_AGGRESSIVE;
				GCC_WARN_UNUSED_FUNCTION = YES;
				GCC_WARN_UNUSED_VARIABLE = YES;
				IPHONEOS_DEPLOYMENT_TARGET = 17.2;
				LOCALIZATION_PREFERS_STRING_CATALOGS = YES;
				MTL_ENABLE_DEBUG_INFO = NO;
				MTL_FAST_MATH = YES;
				SDKROOT = iphoneos;
				SWIFT_COMPILATION_MODE = wholemodule;
				VALIDATE_PRODUCT = YES;
			};
			name = Release;
		};
		97894F9C2BF26E8800E33FD8 /* Debug */ = {
			isa = XCBuildConfiguration;
			buildSettings = {
				ASSETCATALOG_COMPILER_APPICON_NAME = AppIcon;
				ASSETCATALOG_COMPILER_GLOBAL_ACCENT_COLOR_NAME = AccentColor;
				CODE_SIGN_STYLE = Automatic;
				CURRENT_PROJECT_VERSION = 1;
				DEVELOPMENT_ASSET_PATHS = "\"Cookery/Preview Content\"";
				DEVELOPMENT_TEAM = LK58S58FC7;
				ENABLE_PREVIEWS = YES;
				GENERATE_INFOPLIST_FILE = YES;
				INFOPLIST_KEY_UIApplicationSceneManifest_Generation = YES;
				INFOPLIST_KEY_UIApplicationSupportsIndirectInputEvents = YES;
				INFOPLIST_KEY_UILaunchScreen_Generation = YES;
				INFOPLIST_KEY_UISupportedInterfaceOrientations_iPad = "UIInterfaceOrientationPortrait UIInterfaceOrientationPortraitUpsideDown UIInterfaceOrientationLandscapeLeft UIInterfaceOrientationLandscapeRight";
				INFOPLIST_KEY_UISupportedInterfaceOrientations_iPhone = "UIInterfaceOrientationPortrait UIInterfaceOrientationLandscapeLeft UIInterfaceOrientationLandscapeRight";
				LD_RUNPATH_SEARCH_PATHS = (
					"$(inherited)",
					"@executable_path/Frameworks",
				);
				MARKETING_VERSION = 1.0;
				PRODUCT_BUNDLE_IDENTIFIER = com.jdeda.Cookery;
				PRODUCT_NAME = "$(TARGET_NAME)";
				SWIFT_EMIT_LOC_STRINGS = YES;
				SWIFT_VERSION = 5.0;
				TARGETED_DEVICE_FAMILY = "1,2";
			};
			name = Debug;
		};
		97894F9D2BF26E8800E33FD8 /* Release */ = {
			isa = XCBuildConfiguration;
			buildSettings = {
				ASSETCATALOG_COMPILER_APPICON_NAME = AppIcon;
				ASSETCATALOG_COMPILER_GLOBAL_ACCENT_COLOR_NAME = AccentColor;
				CODE_SIGN_STYLE = Automatic;
				CURRENT_PROJECT_VERSION = 1;
				DEVELOPMENT_ASSET_PATHS = "\"Cookery/Preview Content\"";
				DEVELOPMENT_TEAM = LK58S58FC7;
				ENABLE_PREVIEWS = YES;
				GENERATE_INFOPLIST_FILE = YES;
				INFOPLIST_KEY_UIApplicationSceneManifest_Generation = YES;
				INFOPLIST_KEY_UIApplicationSupportsIndirectInputEvents = YES;
				INFOPLIST_KEY_UILaunchScreen_Generation = YES;
				INFOPLIST_KEY_UISupportedInterfaceOrientations_iPad = "UIInterfaceOrientationPortrait UIInterfaceOrientationPortraitUpsideDown UIInterfaceOrientationLandscapeLeft UIInterfaceOrientationLandscapeRight";
				INFOPLIST_KEY_UISupportedInterfaceOrientations_iPhone = "UIInterfaceOrientationPortrait UIInterfaceOrientationLandscapeLeft UIInterfaceOrientationLandscapeRight";
				LD_RUNPATH_SEARCH_PATHS = (
					"$(inherited)",
					"@executable_path/Frameworks",
				);
				MARKETING_VERSION = 1.0;
				PRODUCT_BUNDLE_IDENTIFIER = com.jdeda.Cookery;
				PRODUCT_NAME = "$(TARGET_NAME)";
				SWIFT_EMIT_LOC_STRINGS = YES;
				SWIFT_VERSION = 5.0;
				TARGETED_DEVICE_FAMILY = "1,2";
			};
			name = Release;
		};
/* End XCBuildConfiguration section */

/* Begin XCConfigurationList section */
		97894F882BF26E8800E33FD8 /* Build configuration list for PBXProject "Cookery" */ = {
			isa = XCConfigurationList;
			buildConfigurations = (
				97894F992BF26E8800E33FD8 /* Debug */,
				97894F9A2BF26E8800E33FD8 /* Release */,
			);
			defaultConfigurationIsVisible = 0;
			defaultConfigurationName = Release;
		};
		97894F9B2BF26E8800E33FD8 /* Build configuration list for PBXNativeTarget "Cookery" */ = {
			isa = XCConfigurationList;
			buildConfigurations = (
				97894F9C2BF26E8800E33FD8 /* Debug */,
				97894F9D2BF26E8800E33FD8 /* Release */,
			);
			defaultConfigurationIsVisible = 0;
			defaultConfigurationName = Release;
		};
/* End XCConfigurationList section */

/* Begin XCRemoteSwiftPackageReference section */
		97894F9E2BF26EB300E33FD8 /* XCRemoteSwiftPackageReference "swift-composable-architecture" */ = {
			isa = XCRemoteSwiftPackageReference;
			repositoryURL = "https://github.com/pointfreeco/swift-composable-architecture";
			requirement = {
				kind = upToNextMajorVersion;
				minimumVersion = 1.10.4;
			};
		};
		97894FA12BF26ECF00E33FD8 /* XCRemoteSwiftPackageReference "swift-async-algorithms" */ = {
			isa = XCRemoteSwiftPackageReference;
			repositoryURL = "https://github.com/apple/swift-async-algorithms.git";
			requirement = {
				kind = upToNextMajorVersion;
				minimumVersion = 1.0.0;
			};
		};
		97894FA42BF26EED00E33FD8 /* XCRemoteSwiftPackageReference "swift-tagged" */ = {
			isa = XCRemoteSwiftPackageReference;
			repositoryURL = "https://github.com/pointfreeco/swift-tagged";
			requirement = {
				kind = upToNextMajorVersion;
				minimumVersion = 0.10.0;
			};
		};
		97894FA72BF26F1900E33FD8 /* XCRemoteSwiftPackageReference "OpenAI" */ = {
			isa = XCRemoteSwiftPackageReference;
			repositoryURL = "https://github.com/MacPaw/OpenAI.git";
			requirement = {
				kind = upToNextMajorVersion;
				minimumVersion = 0.2.8;
			};
		};
/* End XCRemoteSwiftPackageReference section */

/* Begin XCSwiftPackageProductDependency section */
		97894F9F2BF26EB300E33FD8 /* ComposableArchitecture */ = {
			isa = XCSwiftPackageProductDependency;
			package = 97894F9E2BF26EB300E33FD8 /* XCRemoteSwiftPackageReference "swift-composable-architecture" */;
			productName = ComposableArchitecture;
		};
		97894FA22BF26ECF00E33FD8 /* AsyncAlgorithms */ = {
			isa = XCSwiftPackageProductDependency;
			package = 97894FA12BF26ECF00E33FD8 /* XCRemoteSwiftPackageReference "swift-async-algorithms" */;
			productName = AsyncAlgorithms;
		};
		97894FA52BF26EED00E33FD8 /* Tagged */ = {
			isa = XCSwiftPackageProductDependency;
			package = 97894FA42BF26EED00E33FD8 /* XCRemoteSwiftPackageReference "swift-tagged" */;
			productName = Tagged;
		};
		97894FA82BF26F1900E33FD8 /* OpenAI */ = {
			isa = XCSwiftPackageProductDependency;
			package = 97894FA72BF26F1900E33FD8 /* XCRemoteSwiftPackageReference "OpenAI" */;
			productName = OpenAI;
		};
/* End XCSwiftPackageProductDependency section */
	};
	rootObject = 97894F852BF26E8800E33FD8 /* Project object */;
}
